// !$*UTF8*$!
{
	archiveVersion = 1;
	classes = {
	};
	objectVersion = 46;
	objects = {

/* Begin PBXBuildFile section */
		BFC3FE1F1BB9DD9D00D9D623 /* AppDelegate.swift in Sources */ = {isa = PBXBuildFile; fileRef = BFC3FE1E1BB9DD9D00D9D623 /* AppDelegate.swift */; };
		BFC3FE211BB9DD9D00D9D623 /* ViewController.swift in Sources */ = {isa = PBXBuildFile; fileRef = BFC3FE201BB9DD9D00D9D623 /* ViewController.swift */; };
		BFC3FE241BB9DD9D00D9D623 /* Main.storyboard in Resources */ = {isa = PBXBuildFile; fileRef = BFC3FE221BB9DD9D00D9D623 /* Main.storyboard */; };
		BFC3FE261BB9DD9D00D9D623 /* Assets.xcassets in Resources */ = {isa = PBXBuildFile; fileRef = BFC3FE251BB9DD9D00D9D623 /* Assets.xcassets */; };
		BFC3FE291BB9DD9D00D9D623 /* LaunchScreen.storyboard in Resources */ = {isa = PBXBuildFile; fileRef = BFC3FE271BB9DD9D00D9D623 /* LaunchScreen.storyboard */; };
		BFC3FE341BB9DD9D00D9D623 /* DenverStartupWeekDemoTests.swift in Sources */ = {isa = PBXBuildFile; fileRef = BFC3FE331BB9DD9D00D9D623 /* DenverStartupWeekDemoTests.swift */; };
		BFC3FE3F1BB9DD9D00D9D623 /* DenverStartupWeekDemoUITests.swift in Sources */ = {isa = PBXBuildFile; fileRef = BFC3FE3E1BB9DD9D00D9D623 /* DenverStartupWeekDemoUITests.swift */; };
/* End PBXBuildFile section */

/* Begin PBXContainerItemProxy section */
		BFC3FE301BB9DD9D00D9D623 /* PBXContainerItemProxy */ = {
			isa = PBXContainerItemProxy;
			containerPortal = BFC3FE131BB9DD9D00D9D623 /* Project object */;
			proxyType = 1;
			remoteGlobalIDString = BFC3FE1A1BB9DD9D00D9D623;
			remoteInfo = DenverStartupWeekDemo;
		};
		BFC3FE3B1BB9DD9D00D9D623 /* PBXContainerItemProxy */ = {
			isa = PBXContainerItemProxy;
			containerPortal = BFC3FE131BB9DD9D00D9D623 /* Project object */;
			proxyType = 1;
			remoteGlobalIDString = BFC3FE1A1BB9DD9D00D9D623;
			remoteInfo = DenverStartupWeekDemo;
		};
/* End PBXContainerItemProxy section */

/* Begin PBXFileReference section */
		BFC3FE1B1BB9DD9D00D9D623 /* DenverStartupWeekDemo.app */ = {isa = PBXFileReference; explicitFileType = wrapper.application; includeInIndex = 0; path = DenverStartupWeekDemo.app; sourceTree = BUILT_PRODUCTS_DIR; };
		BFC3FE1E1BB9DD9D00D9D623 /* AppDelegate.swift */ = {isa = PBXFileReference; lastKnownFileType = sourcecode.swift; path = AppDelegate.swift; sourceTree = "<group>"; };
		BFC3FE201BB9DD9D00D9D623 /* ViewController.swift */ = {isa = PBXFileReference; lastKnownFileType = sourcecode.swift; path = ViewController.swift; sourceTree = "<group>"; };
		BFC3FE231BB9DD9D00D9D623 /* Base */ = {isa = PBXFileReference; lastKnownFileType = file.storyboard; name = Base; path = Base.lproj/Main.storyboard; sourceTree = "<group>"; };
		BFC3FE251BB9DD9D00D9D623 /* Assets.xcassets */ = {isa = PBXFileReference; lastKnownFileType = folder.assetcatalog; path = Assets.xcassets; sourceTree = "<group>"; };
		BFC3FE281BB9DD9D00D9D623 /* Base */ = {isa = PBXFileReference; lastKnownFileType = file.storyboard; name = Base; path = Base.lproj/LaunchScreen.storyboard; sourceTree = "<group>"; };
		BFC3FE2A1BB9DD9D00D9D623 /* Info.plist */ = {isa = PBXFileReference; lastKnownFileType = text.plist.xml; path = Info.plist; sourceTree = "<group>"; };
		BFC3FE2F1BB9DD9D00D9D623 /* DenverStartupWeekDemoTests.xctest */ = {isa = PBXFileReference; explicitFileType = wrapper.cfbundle; includeInIndex = 0; path = DenverStartupWeekDemoTests.xctest; sourceTree = BUILT_PRODUCTS_DIR; };
		BFC3FE331BB9DD9D00D9D623 /* DenverStartupWeekDemoTests.swift */ = {isa = PBXFileReference; lastKnownFileType = sourcecode.swift; path = DenverStartupWeekDemoTests.swift; sourceTree = "<group>"; };
		BFC3FE351BB9DD9D00D9D623 /* Info.plist */ = {isa = PBXFileReference; lastKnownFileType = text.plist.xml; path = Info.plist; sourceTree = "<group>"; };
		BFC3FE3A1BB9DD9D00D9D623 /* DenverStartupWeekDemoUITests.xctest */ = {isa = PBXFileReference; explicitFileType = wrapper.cfbundle; includeInIndex = 0; path = DenverStartupWeekDemoUITests.xctest; sourceTree = BUILT_PRODUCTS_DIR; };
		BFC3FE3E1BB9DD9D00D9D623 /* DenverStartupWeekDemoUITests.swift */ = {isa = PBXFileReference; lastKnownFileType = sourcecode.swift; path = DenverStartupWeekDemoUITests.swift; sourceTree = "<group>"; };
		BFC3FE401BB9DD9D00D9D623 /* Info.plist */ = {isa = PBXFileReference; lastKnownFileType = text.plist.xml; path = Info.plist; sourceTree = "<group>"; };
/* End PBXFileReference section */

/* Begin PBXFrameworksBuildPhase section */
		BFC3FE181BB9DD9D00D9D623 /* Frameworks */ = {
			isa = PBXFrameworksBuildPhase;
			buildActionMask = 2147483647;
			files = (
			);
			runOnlyForDeploymentPostprocessing = 0;
		};
		BFC3FE2C1BB9DD9D00D9D623 /* Frameworks */ = {
			isa = PBXFrameworksBuildPhase;
			buildActionMask = 2147483647;
			files = (
			);
			runOnlyForDeploymentPostprocessing = 0;
		};
		BFC3FE371BB9DD9D00D9D623 /* Frameworks */ = {
			isa = PBXFrameworksBuildPhase;
			buildActionMask = 2147483647;
			files = (
			);
			runOnlyForDeploymentPostprocessing = 0;
		};
/* End PBXFrameworksBuildPhase section */

/* Begin PBXGroup section */
		BFC3FE121BB9DD9D00D9D623 = {
			isa = PBXGroup;
			children = (
				BFC3FE1D1BB9DD9D00D9D623 /* DenverStartupWeekDemo */,
				BFC3FE321BB9DD9D00D9D623 /* DenverStartupWeekDemoTests */,
				BFC3FE3D1BB9DD9D00D9D623 /* DenverStartupWeekDemoUITests */,
				BFC3FE1C1BB9DD9D00D9D623 /* Products */,
			);
			sourceTree = "<group>";
		};
		BFC3FE1C1BB9DD9D00D9D623 /* Products */ = {
			isa = PBXGroup;
			children = (
				BFC3FE1B1BB9DD9D00D9D623 /* DenverStartupWeekDemo.app */,
				BFC3FE2F1BB9DD9D00D9D623 /* DenverStartupWeekDemoTests.xctest */,
				BFC3FE3A1BB9DD9D00D9D623 /* DenverStartupWeekDemoUITests.xctest */,
			);
			name = Products;
			sourceTree = "<group>";
		};
		BFC3FE1D1BB9DD9D00D9D623 /* DenverStartupWeekDemo */ = {
			isa = PBXGroup;
			children = (
				BFC3FE1E1BB9DD9D00D9D623 /* AppDelegate.swift */,
				BFC3FE201BB9DD9D00D9D623 /* ViewController.swift */,
				BFC3FE221BB9DD9D00D9D623 /* Main.storyboard */,
				BFC3FE251BB9DD9D00D9D623 /* Assets.xcassets */,
				BFC3FE271BB9DD9D00D9D623 /* LaunchScreen.storyboard */,
				BFC3FE2A1BB9DD9D00D9D623 /* Info.plist */,
			);
			path = DenverStartupWeekDemo;
			sourceTree = "<group>";
		};
		BFC3FE321BB9DD9D00D9D623 /* DenverStartupWeekDemoTests */ = {
			isa = PBXGroup;
			children = (
				BFC3FE331BB9DD9D00D9D623 /* DenverStartupWeekDemoTests.swift */,
				BFC3FE351BB9DD9D00D9D623 /* Info.plist */,
			);
			path = DenverStartupWeekDemoTests;
			sourceTree = "<group>";
		};
		BFC3FE3D1BB9DD9D00D9D623 /* DenverStartupWeekDemoUITests */ = {
			isa = PBXGroup;
			children = (
				BFC3FE3E1BB9DD9D00D9D623 /* DenverStartupWeekDemoUITests.swift */,
				BFC3FE401BB9DD9D00D9D623 /* Info.plist */,
			);
			path = DenverStartupWeekDemoUITests;
			sourceTree = "<group>";
		};
/* End PBXGroup section */

/* Begin PBXNativeTarget section */
		BFC3FE1A1BB9DD9D00D9D623 /* DenverStartupWeekDemo */ = {
			isa = PBXNativeTarget;
			buildConfigurationList = BFC3FE431BB9DD9D00D9D623 /* Build configuration list for PBXNativeTarget "DenverStartupWeekDemo" */;
			buildPhases = (
				BFC3FE171BB9DD9D00D9D623 /* Sources */,
				BFC3FE181BB9DD9D00D9D623 /* Frameworks */,
				BFC3FE191BB9DD9D00D9D623 /* Resources */,
			);
			buildRules = (
			);
			dependencies = (
			);
			name = DenverStartupWeekDemo;
			productName = DenverStartupWeekDemo;
			productReference = BFC3FE1B1BB9DD9D00D9D623 /* DenverStartupWeekDemo.app */;
			productType = "com.apple.product-type.application";
		};
		BFC3FE2E1BB9DD9D00D9D623 /* DenverStartupWeekDemoTests */ = {
			isa = PBXNativeTarget;
			buildConfigurationList = BFC3FE461BB9DD9D00D9D623 /* Build configuration list for PBXNativeTarget "DenverStartupWeekDemoTests" */;
			buildPhases = (
				BFC3FE2B1BB9DD9D00D9D623 /* Sources */,
				BFC3FE2C1BB9DD9D00D9D623 /* Frameworks */,
				BFC3FE2D1BB9DD9D00D9D623 /* Resources */,
			);
			buildRules = (
			);
			dependencies = (
				BFC3FE311BB9DD9D00D9D623 /* PBXTargetDependency */,
			);
			name = DenverStartupWeekDemoTests;
			productName = DenverStartupWeekDemoTests;
			productReference = BFC3FE2F1BB9DD9D00D9D623 /* DenverStartupWeekDemoTests.xctest */;
			productType = "com.apple.product-type.bundle.unit-test";
		};
		BFC3FE391BB9DD9D00D9D623 /* DenverStartupWeekDemoUITests */ = {
			isa = PBXNativeTarget;
			buildConfigurationList = BFC3FE491BB9DD9D00D9D623 /* Build configuration list for PBXNativeTarget "DenverStartupWeekDemoUITests" */;
			buildPhases = (
				BFC3FE361BB9DD9D00D9D623 /* Sources */,
				BFC3FE371BB9DD9D00D9D623 /* Frameworks */,
				BFC3FE381BB9DD9D00D9D623 /* Resources */,
			);
			buildRules = (
			);
			dependencies = (
				BFC3FE3C1BB9DD9D00D9D623 /* PBXTargetDependency */,
			);
			name = DenverStartupWeekDemoUITests;
			productName = DenverStartupWeekDemoUITests;
			productReference = BFC3FE3A1BB9DD9D00D9D623 /* DenverStartupWeekDemoUITests.xctest */;
			productType = "com.apple.product-type.bundle.ui-testing";
		};
/* End PBXNativeTarget section */

/* Begin PBXProject section */
		BFC3FE131BB9DD9D00D9D623 /* Project object */ = {
			isa = PBXProject;
			attributes = {
				LastUpgradeCheck = 0700;
				ORGANIZATIONNAME = UIGuigo;
				TargetAttributes = {
					BFC3FE1A1BB9DD9D00D9D623 = {
						CreatedOnToolsVersion = 7.0;
					};
					BFC3FE2E1BB9DD9D00D9D623 = {
						CreatedOnToolsVersion = 7.0;
						TestTargetID = BFC3FE1A1BB9DD9D00D9D623;
					};
					BFC3FE391BB9DD9D00D9D623 = {
						CreatedOnToolsVersion = 7.0;
						TestTargetID = BFC3FE1A1BB9DD9D00D9D623;
					};
				};
			};
			buildConfigurationList = BFC3FE161BB9DD9D00D9D623 /* Build configuration list for PBXProject "DenverStartupWeekDemo" */;
			compatibilityVersion = "Xcode 3.2";
			developmentRegion = English;
			hasScannedForEncodings = 0;
			knownRegions = (
				en,
				Base,
			);
			mainGroup = BFC3FE121BB9DD9D00D9D623;
			productRefGroup = BFC3FE1C1BB9DD9D00D9D623 /* Products */;
			projectDirPath = "";
			projectRoot = "";
			targets = (
				BFC3FE1A1BB9DD9D00D9D623 /* DenverStartupWeekDemo */,
				BFC3FE2E1BB9DD9D00D9D623 /* DenverStartupWeekDemoTests */,
				BFC3FE391BB9DD9D00D9D623 /* DenverStartupWeekDemoUITests */,
			);
		};
/* End PBXProject section */

/* Begin PBXResourcesBuildPhase section */
		BFC3FE191BB9DD9D00D9D623 /* Resources */ = {
			isa = PBXResourcesBuildPhase;
			buildActionMask = 2147483647;
			files = (
				BFC3FE291BB9DD9D00D9D623 /* LaunchScreen.storyboard in Resources */,
				BFC3FE261BB9DD9D00D9D623 /* Assets.xcassets in Resources */,
				BFC3FE241BB9DD9D00D9D623 /* Main.storyboard in Resources */,
			);
			runOnlyForDeploymentPostprocessing = 0;
		};
		BFC3FE2D1BB9DD9D00D9D623 /* Resources */ = {
			isa = PBXResourcesBuildPhase;
			buildActionMask = 2147483647;
			files = (
			);
			runOnlyForDeploymentPostprocessing = 0;
		};
		BFC3FE381BB9DD9D00D9D623 /* Resources */ = {
			isa = PBXResourcesBuildPhase;
			buildActionMask = 2147483647;
			files = (
			);
			runOnlyForDeploymentPostprocessing = 0;
		};
/* End PBXResourcesBuildPhase section */

/* Begin PBXSourcesBuildPhase section */
		BFC3FE171BB9DD9D00D9D623 /* Sources */ = {
			isa = PBXSourcesBuildPhase;
			buildActionMask = 2147483647;
			files = (
				BFC3FE211BB9DD9D00D9D623 /* ViewController.swift in Sources */,
				BFC3FE1F1BB9DD9D00D9D623 /* AppDelegate.swift in Sources */,
			);
			runOnlyForDeploymentPostprocessing = 0;
		};
		BFC3FE2B1BB9DD9D00D9D623 /* Sources */ = {
			isa = PBXSourcesBuildPhase;
			buildActionMask = 2147483647;
			files = (
				BFC3FE341BB9DD9D00D9D623 /* DenverStartupWeekDemoTests.swift in Sources */,
			);
			runOnlyForDeploymentPostprocessing = 0;
		};
		BFC3FE361BB9DD9D00D9D623 /* Sources */ = {
			isa = PBXSourcesBuildPhase;
			buildActionMask = 2147483647;
			files = (
				BFC3FE3F1BB9DD9D00D9D623 /* DenverStartupWeekDemoUITests.swift in Sources */,
			);
			runOnlyForDeploymentPostprocessing = 0;
		};
/* End PBXSourcesBuildPhase section */

/* Begin PBXTargetDependency section */
		BFC3FE311BB9DD9D00D9D623 /* PBXTargetDependency */ = {
			isa = PBXTargetDependency;
			target = BFC3FE1A1BB9DD9D00D9D623 /* DenverStartupWeekDemo */;
			targetProxy = BFC3FE301BB9DD9D00D9D623 /* PBXContainerItemProxy */;
		};
		BFC3FE3C1BB9DD9D00D9D623 /* PBXTargetDependency */ = {
			isa = PBXTargetDependency;
			target = BFC3FE1A1BB9DD9D00D9D623 /* DenverStartupWeekDemo */;
			targetProxy = BFC3FE3B1BB9DD9D00D9D623 /* PBXContainerItemProxy */;
		};
/* End PBXTargetDependency section */

/* Begin PBXVariantGroup section */
		BFC3FE221BB9DD9D00D9D623 /* Main.storyboard */ = {
			isa = PBXVariantGroup;
			children = (
				BFC3FE231BB9DD9D00D9D623 /* Base */,
			);
			name = Main.storyboard;
			sourceTree = "<group>";
		};
		BFC3FE271BB9DD9D00D9D623 /* LaunchScreen.storyboard */ = {
			isa = PBXVariantGroup;
			children = (
				BFC3FE281BB9DD9D00D9D623 /* Base */,
			);
			name = LaunchScreen.storyboard;
			sourceTree = "<group>";
		};
/* End PBXVariantGroup section */

/* Begin XCBuildConfiguration section */
		BFC3FE411BB9DD9D00D9D623 /* Debug */ = {
			isa = XCBuildConfiguration;
			buildSettings = {
				ALWAYS_SEARCH_USER_PATHS = NO;
				CLANG_CXX_LANGUAGE_STANDARD = "gnu++0x";
				CLANG_CXX_LIBRARY = "libc++";
				CLANG_ENABLE_MODULES = YES;
				CLANG_ENABLE_OBJC_ARC = YES;
				CLANG_WARN_BOOL_CONVERSION = YES;
				CLANG_WARN_CONSTANT_CONVERSION = YES;
				CLANG_WARN_DIRECT_OBJC_ISA_USAGE = YES_ERROR;
				CLANG_WARN_EMPTY_BODY = YES;
				CLANG_WARN_ENUM_CONVERSION = YES;
				CLANG_WARN_INT_CONVERSION = YES;
				CLANG_WARN_OBJC_ROOT_CLASS = YES_ERROR;
				CLANG_WARN_UNREACHABLE_CODE = YES;
				CLANG_WARN__DUPLICATE_METHOD_MATCH = YES;
				"CODE_SIGN_IDENTITY[sdk=iphoneos*]" = "iPhone Developer";
				COPY_PHASE_STRIP = NO;
				DEBUG_INFORMATION_FORMAT = dwarf;
				ENABLE_STRICT_OBJC_MSGSEND = YES;
				ENABLE_TESTABILITY = YES;
				GCC_C_LANGUAGE_STANDARD = gnu99;
				GCC_DYNAMIC_NO_PIC = NO;
				GCC_NO_COMMON_BLOCKS = YES;
				GCC_OPTIMIZATION_LEVEL = 0;
				GCC_PREPROCESSOR_DEFINITIONS = (
					"DEBUG=1",
					"$(inherited)",
				);
				GCC_WARN_64_TO_32_BIT_CONVERSION = YES;
				GCC_WARN_ABOUT_RETURN_TYPE = YES_ERROR;
				GCC_WARN_UNDECLARED_SELECTOR = YES;
				GCC_WARN_UNINITIALIZED_AUTOS = YES_AGGRESSIVE;
				GCC_WARN_UNUSED_FUNCTION = YES;
				GCC_WARN_UNUSED_VARIABLE = YES;
				IPHONEOS_DEPLOYMENT_TARGET = 9.0;
				MTL_ENABLE_DEBUG_INFO = YES;
				ONLY_ACTIVE_ARCH = YES;
				SDKROOT = iphoneos;
				SWIFT_OPTIMIZATION_LEVEL = "-Onone";
			};
			name = Debug;
		};
		BFC3FE421BB9DD9D00D9D623 /* Release */ = {
			isa = XCBuildConfiguration;
			buildSettings = {
				ALWAYS_SEARCH_USER_PATHS = NO;
				CLANG_CXX_LANGUAGE_STANDARD = "gnu++0x";
				CLANG_CXX_LIBRARY = "libc++";
				CLANG_ENABLE_MODULES = YES;
				CLANG_ENABLE_OBJC_ARC = YES;
				CLANG_WARN_BOOL_CONVERSION = YES;
				CLANG_WARN_CONSTANT_CONVERSION = YES;
				CLANG_WARN_DIRECT_OBJC_ISA_USAGE = YES_ERROR;
				CLANG_WARN_EMPTY_BODY = YES;
				CLANG_WARN_ENUM_CONVERSION = YES;
				CLANG_WARN_INT_CONVERSION = YES;
				CLANG_WARN_OBJC_ROOT_CLASS = YES_ERROR;
				CLANG_WARN_UNREACHABLE_CODE = YES;
				CLANG_WARN__DUPLICATE_METHOD_MATCH = YES;
				"CODE_SIGN_IDENTITY[sdk=iphoneos*]" = "iPhone Developer";
				COPY_PHASE_STRIP = NO;
				DEBUG_INFORMATION_FORMAT = "dwarf-with-dsym";
				ENABLE_NS_ASSERTIONS = NO;
				ENABLE_STRICT_OBJC_MSGSEND = YES;
				GCC_C_LANGUAGE_STANDARD = gnu99;
				GCC_NO_COMMON_BLOCKS = YES;
				GCC_WARN_64_TO_32_BIT_CONVERSION = YES;
				GCC_WARN_ABOUT_RETURN_TYPE = YES_ERROR;
				GCC_WARN_UNDECLARED_SELECTOR = YES;
				GCC_WARN_UNINITIALIZED_AUTOS = YES_AGGRESSIVE;
				GCC_WARN_UNUSED_FUNCTION = YES;
				GCC_WARN_UNUSED_VARIABLE = YES;
				IPHONEOS_DEPLOYMENT_TARGET = 9.0;
				MTL_ENABLE_DEBUG_INFO = NO;
				SDKROOT = iphoneos;
				VALIDATE_PRODUCT = YES;
			};
			name = Release;
		};
		BFC3FE441BB9DD9D00D9D623 /* Debug */ = {
			isa = XCBuildConfiguration;
			buildSettings = {
				ASSETCATALOG_COMPILER_APPICON_NAME = AppIcon;
				INFOPLIST_FILE = DenverStartupWeekDemo/Info.plist;
				LD_RUNPATH_SEARCH_PATHS = "$(inherited) @executable_path/Frameworks";
				PRODUCT_BUNDLE_IDENTIFIER = com.uiguigo.DenverStartupWeekDemo;
				PRODUCT_NAME = "$(TARGET_NAME)";
			};
			name = Debug;
		};
		BFC3FE451BB9DD9D00D9D623 /* Release */ = {
			isa = XCBuildConfiguration;
			buildSettings = {
				ASSETCATALOG_COMPILER_APPICON_NAME = AppIcon;
				INFOPLIST_FILE = DenverStartupWeekDemo/Info.plist;
				LD_RUNPATH_SEARCH_PATHS = "$(inherited) @executable_path/Frameworks";
				PRODUCT_BUNDLE_IDENTIFIER = com.uiguigo.DenverStartupWeekDemo;
				PRODUCT_NAME = "$(TARGET_NAME)";
			};
			name = Release;
		};
		BFC3FE471BB9DD9D00D9D623 /* Debug */ = {
			isa = XCBuildConfiguration;
			buildSettings = {
				BUNDLE_LOADER = "$(TEST_HOST)";
				INFOPLIST_FILE = DenverStartupWeekDemoTests/Info.plist;
				LD_RUNPATH_SEARCH_PATHS = "$(inherited) @executable_path/Frameworks @loader_path/Frameworks";
				PRODUCT_BUNDLE_IDENTIFIER = com.uiguigo.DenverStartupWeekDemoTests;
				PRODUCT_NAME = "$(TARGET_NAME)";
				TEST_HOST = "$(BUILT_PRODUCTS_DIR)/DenverStartupWeekDemo.app/DenverStartupWeekDemo";
			};
			name = Debug;
		};
		BFC3FE481BB9DD9D00D9D623 /* Release */ = {
			isa = XCBuildConfiguration;
			buildSettings = {
				BUNDLE_LOADER = "$(TEST_HOST)";
				INFOPLIST_FILE = DenverStartupWeekDemoTests/Info.plist;
				LD_RUNPATH_SEARCH_PATHS = "$(inherited) @executable_path/Frameworks @loader_path/Frameworks";
				PRODUCT_BUNDLE_IDENTIFIER = com.uiguigo.DenverStartupWeekDemoTests;
				PRODUCT_NAME = "$(TARGET_NAME)";
				TEST_HOST = "$(BUILT_PRODUCTS_DIR)/DenverStartupWeekDemo.app/DenverStartupWeekDemo";
			};
			name = Release;
		};
		BFC3FE4A1BB9DD9D00D9D623 /* Debug */ = {
			isa = XCBuildConfiguration;
			buildSettings = {
				INFOPLIST_FILE = DenverStartupWeekDemoUITests/Info.plist;
				LD_RUNPATH_SEARCH_PATHS = "$(inherited) @executable_path/Frameworks @loader_path/Frameworks";
				PRODUCT_BUNDLE_IDENTIFIER = com.uiguigo.DenverStartupWeekDemoUITests;
				PRODUCT_NAME = "$(TARGET_NAME)";
				TEST_TARGET_NAME = DenverStartupWeekDemo;
				USES_XCTRUNNER = YES;
			};
			name = Debug;
		};
		BFC3FE4B1BB9DD9D00D9D623 /* Release */ = {
			isa = XCBuildConfiguration;
			buildSettings = {
				INFOPLIST_FILE = DenverStartupWeekDemoUITests/Info.plist;
				LD_RUNPATH_SEARCH_PATHS = "$(inherited) @executable_path/Frameworks @loader_path/Frameworks";
				PRODUCT_BUNDLE_IDENTIFIER = com.uiguigo.DenverStartupWeekDemoUITests;
				PRODUCT_NAME = "$(TARGET_NAME)";
				TEST_TARGET_NAME = DenverStartupWeekDemo;
				USES_XCTRUNNER = YES;
			};
			name = Release;
		};
/* End XCBuildConfiguration section */

/* Begin XCConfigurationList section */
		BFC3FE161BB9DD9D00D9D623 /* Build configuration list for PBXProject "DenverStartupWeekDemo" */ = {
			isa = XCConfigurationList;
			buildConfigurations = (
				BFC3FE411BB9DD9D00D9D623 /* Debug */,
				BFC3FE421BB9DD9D00D9D623 /* Release */,
			);
			defaultConfigurationIsVisible = 0;
			defaultConfigurationName = Release;
		};
		BFC3FE431BB9DD9D00D9D623 /* Build configuration list for PBXNativeTarget "DenverStartupWeekDemo" */ = {
			isa = XCConfigurationList;
			buildConfigurations = (
				BFC3FE441BB9DD9D00D9D623 /* Debug */,
				BFC3FE451BB9DD9D00D9D623 /* Release */,
			);
			defaultConfigurationIsVisible = 0;
		};
		BFC3FE461BB9DD9D00D9D623 /* Build configuration list for PBXNativeTarget "DenverStartupWeekDemoTests" */ = {
			isa = XCConfigurationList;
			buildConfigurations = (
				BFC3FE471BB9DD9D00D9D623 /* Debug */,
				BFC3FE481BB9DD9D00D9D623 /* Release */,
			);
			defaultConfigurationIsVisible = 0;
		};
		BFC3FE491BB9DD9D00D9D623 /* Build configuration list for PBXNativeTarget "DenverStartupWeekDemoUITests" */ = {
			isa = XCConfigurationList;
			buildConfigurations = (
				BFC3FE4A1BB9DD9D00D9D623 /* Debug */,
				BFC3FE4B1BB9DD9D00D9D623 /* Release */,
			);
			defaultConfigurationIsVisible = 0;
		};
/* End XCConfigurationList section */
	};
	rootObject = BFC3FE131BB9DD9D00D9D623 /* Project object */;
}
